PODS:
  - LiteRTC (0.0.1-nightly.20241201):
    - LiteRTC/Core (= 0.0.1-nightly.20241201)
  - LiteRTC/Core (0.0.1-nightly.20241201)
  - LiteRTC/CoreML (0.0.1-nightly.20241201):
    - LiteRTC/Core
  - LiteRTC/Metal (0.0.1-nightly.20241201):
    - LiteRTC/Core
  - LiteRTSwift/Core (0.0.1-nightly.20241201):
    - LiteRTC (= 0.0.1-nightly.20241201)
    - LiteRTSwift/Privacy (= 0.0.1-nightly.20241201)
  - LiteRTSwift/CoreML (0.0.1-nightly.20241201):
    - LiteRTC/CoreML (= 0.0.1-nightly.20241201)
    - LiteRTSwift/Core (= 0.0.1-nightly.20241201)
    - LiteRTSwift/Privacy (= 0.0.1-nightly.20241201)
  - LiteRTSwift/Metal (0.0.1-nightly.20241201):
    - LiteRTC/Metal (= 0.0.1-nightly.20241201)
    - LiteRTSwift/Core (= 0.0.1-nightly.20241201)
    - LiteRTSwift/Privacy (= 0.0.1-nightly.20241201)
  - LiteRTSwift/Privacy (0.0.1-nightly.20241201)

DEPENDENCIES:
  - LiteRTSwift/CoreML (~> 0.0.1-nightly)
  - LiteRTSwift/Metal (~> 0.0.1-nightly)

SPEC REPOS:
  trunk:
    - LiteRTC
    - LiteRTSwift

SPEC CHECKSUMS:
  LiteRTC: bffc6e9b957a45b11e9890a82d612197ad9d4fca
  LiteRTSwift: 25e47a93437b61038db6eb4b9646c4ed10178e71

PODFILE CHECKSUM: 1a1047f1bbf364bace6c0c2be2304391f91db984

COCOAPODS: 1.15.2
